
Microsoft Visual Studio Solution File, Format Version 12.00
# Visual Studio 15
VisualStudioVersion = 15.0.28307.421
MinimumVisualStudioVersion = 10.0.40219.1
Project("{9A19103F-16F7-4668-BE54-9A1E7A4F7556}") = "MgCoreEditor", "MgCoreEditor.csproj", "{964E1BDD-D290-458C-8BBE-683276CE1560}"
EndProject
Global
	GlobalSection(SolutionConfigurationPlatforms) = preSolution
		Debug|Any CPU = Debug|Any CPU
		Release|Any CPU = Release|Any CPU
	EndGlobalSection
	GlobalSection(ProjectConfigurationPlatforms) = postSolution
		{964E1BDD-D290-458C-8BBE-683276CE1560}.Debug|Any CPU.ActiveCfg = Debug|Any CPU
		{964E1BDD-D290-458C-8BBE-683276CE1560}.Debug|Any CPU.Build.0 = Debug|Any CPU
		{964E1BDD-D290-458C-8BBE-683276CE1560}.Release|Any CPU.ActiveCfg = Release|Any CPU
		{964E1BDD-D290-458C-8BBE-683276CE1560}.Release|Any CPU.Build.0 = Release|Any CPU
	EndGlobalSection
	GlobalSection(SolutionProperties) = preSolution
		HideSolutionNode = FALSE
	EndGlobalSection
	GlobalSection(ExtensibilityGlobals) = postSolution
		SolutionGuid = {794BEAEE-7784-431F-986A-A68000E03DBD}
	EndGlobalSection
EndGlobal
